
Microsoft Visual Studio Solution File, Format Version 12.00
# Visual Studio Version 17
VisualStudioVersion = 17.3.32929.385
MinimumVisualStudioVersion = 10.0.40219.1
Project("{FAE04EC0-301F-11D3-BF4B-00C04F79EFBC}") = "SpryStore.PresentationLayer", "SpryStore.PresentationLayer\SpryStore.PresentationLayer.csproj", "{AFBFF89E-B4E4-4AFC-B5AB-42A92A4386D0}"
EndProject
Project("{FAE04EC0-301F-11D3-BF4B-00C04F79EFBC}") = "SpryStore.EntityLayer", "SpryStore.EntityLayer\SpryStore.EntityLayer.csproj", "{5F5BF7A8-138B-48ED-A71E-B824E91D77EA}"
EndProject
Project("{FAE04EC0-301F-11D3-BF4B-00C04F79EFBC}") = "SpryStore.DataAccessLayer", "SpryStore.DataAccessLayer\SpryStore.DataAccessLayer.csproj", "{17CA4987-BFFB-49F5-B0B8-77BED7F267FE}"
EndProject
Project("{FAE04EC0-301F-11D3-BF4B-00C04F79EFBC}") = "SpryStore.BusinessLayer", "SpryStore.BusinessLayer\SpryStore.BusinessLayer.csproj", "{AEEF42D8-7556-492A-915C-B423B0477B1E}"
EndProject
Global
	GlobalSection(SolutionConfigurationPlatforms) = preSolution
		Debug|Any CPU = Debug|Any CPU
		Release|Any CPU = Release|Any CPU
	EndGlobalSection
	GlobalSection(ProjectConfigurationPlatforms) = postSolution
		{AFBFF89E-B4E4-4AFC-B5AB-42A92A4386D0}.Debug|Any CPU.ActiveCfg = Debug|Any CPU
		{AFBFF89E-B4E4-4AFC-B5AB-42A92A4386D0}.Debug|Any CPU.Build.0 = Debug|Any CPU
		{AFBFF89E-B4E4-4AFC-B5AB-42A92A4386D0}.Release|Any CPU.ActiveCfg = Release|Any CPU
		{AFBFF89E-B4E4-4AFC-B5AB-42A92A4386D0}.Release|Any CPU.Build.0 = Release|Any CPU
		{5F5BF7A8-138B-48ED-A71E-B824E91D77EA}.Debug|Any CPU.ActiveCfg = Debug|Any CPU
		{5F5BF7A8-138B-48ED-A71E-B824E91D77EA}.Debug|Any CPU.Build.0 = Debug|Any CPU
		{5F5BF7A8-138B-48ED-A71E-B824E91D77EA}.Release|Any CPU.ActiveCfg = Release|Any CPU
		{5F5BF7A8-138B-48ED-A71E-B824E91D77EA}.Release|Any CPU.Build.0 = Release|Any CPU
		{17CA4987-BFFB-49F5-B0B8-77BED7F267FE}.Debug|Any CPU.ActiveCfg = Debug|Any CPU
		{17CA4987-BFFB-49F5-B0B8-77BED7F267FE}.Debug|Any CPU.Build.0 = Debug|Any CPU
		{17CA4987-BFFB-49F5-B0B8-77BED7F267FE}.Release|Any CPU.ActiveCfg = Release|Any CPU
		{17CA4987-BFFB-49F5-B0B8-77BED7F267FE}.Release|Any CPU.Build.0 = Release|Any CPU
		{AEEF42D8-7556-492A-915C-B423B0477B1E}.Debug|Any CPU.ActiveCfg = Debug|Any CPU
		{AEEF42D8-7556-492A-915C-B423B0477B1E}.Debug|Any CPU.Build.0 = Debug|Any CPU
		{AEEF42D8-7556-492A-915C-B423B0477B1E}.Release|Any CPU.ActiveCfg = Release|Any CPU
		{AEEF42D8-7556-492A-915C-B423B0477B1E}.Release|Any CPU.Build.0 = Release|Any CPU
	EndGlobalSection
	GlobalSection(SolutionProperties) = preSolution
		HideSolutionNode = FALSE
	EndGlobalSection
	GlobalSection(ExtensibilityGlobals) = postSolution
		SolutionGuid = {C17CCDC5-4F18-44C7-A2A2-E3D73C4EB7C4}
	EndGlobalSection
EndGlobal
